
Microsoft Visual Studio Solution File, Format Version 12.00
# Visual Studio Version 17
VisualStudioVersion = 17.7.34031.279
MinimumVisualStudioVersion = 10.0.40219.1
Project("{FAE04EC0-301F-11D3-BF4B-00C04F79EFBC}") = "Battleship", "Battleship.csproj", "{BBEB6199-32DE-4485-B485-59AA4C99E71B}"
EndProject
Global
	GlobalSection(SolutionConfigurationPlatforms) = preSolution
		Debug|Any CPU = Debug|Any CPU
		Release|Any CPU = Release|Any CPU
	EndGlobalSection
	GlobalSection(ProjectConfigurationPlatforms) = postSolution
		{BBEB6199-32DE-4485-B485-59AA4C99E71B}.Debug|Any CPU.ActiveCfg = Debug|Any CPU
		{BBEB6199-32DE-4485-B485-59AA4C99E71B}.Debug|Any CPU.Build.0 = Debug|Any CPU
		{BBEB6199-32DE-4485-B485-59AA4C99E71B}.Release|Any CPU.ActiveCfg = Release|Any CPU
		{BBEB6199-32DE-4485-B485-59AA4C99E71B}.Release|Any CPU.Build.0 = Release|Any CPU
	EndGlobalSection
	GlobalSection(SolutionProperties) = preSolution
		HideSolutionNode = FALSE
	EndGlobalSection
	GlobalSection(ExtensibilityGlobals) = postSolution
		SolutionGuid = {C1D74B2E-9378-4B43-A365-FC185856A60C}
	EndGlobalSection
EndGlobal
